// !$*UTF8*$!
{
	archiveVersion = 1;
	classes = {
	};
	objectVersion = 56;
	objects = {

/* Begin PBXBuildFile section */
		3A939FFE29B874740071E9ED /* AuthenticatorApp.swift in Sources */ = {isa = PBXBuildFile; fileRef = 3A939FFD29B874740071E9ED /* AuthenticatorApp.swift */; };
		3A93A00029B874740071E9ED /* ContentView.swift in Sources */ = {isa = PBXBuildFile; fileRef = 3A939FFF29B874740071E9ED /* ContentView.swift */; };
		3A93A00229B874750071E9ED /* Assets.xcassets in Resources */ = {isa = PBXBuildFile; fileRef = 3A93A00129B874750071E9ED /* Assets.xcassets */; };
		3A93A00529B874750071E9ED /* Preview Assets.xcassets in Resources */ = {isa = PBXBuildFile; fileRef = 3A93A00429B874750071E9ED /* Preview Assets.xcassets */; };
		3A93A01029B874750071E9ED /* AuthenticatorTests.swift in Sources */ = {isa = PBXBuildFile; fileRef = 3A93A00F29B874750071E9ED /* AuthenticatorTests.swift */; };
		3A93A01A29B874750071E9ED /* AuthenticatorUITests.swift in Sources */ = {isa = PBXBuildFile; fileRef = 3A93A01929B874750071E9ED /* AuthenticatorUITests.swift */; };
		3A93A01C29B874750071E9ED /* AuthenticatorUITestsLaunchTests.swift in Sources */ = {isa = PBXBuildFile; fileRef = 3A93A01B29B874750071E9ED /* AuthenticatorUITestsLaunchTests.swift */; };
		3A93A03229B876A70071E9ED /* Authenticator.swift in Sources */ = {isa = PBXBuildFile; fileRef = 3A93A03129B876A70071E9ED /* Authenticator.swift */; };
		3A93A03529B877A30071E9ED /* libresolv.tbd in Frameworks */ = {isa = PBXBuildFile; fileRef = 3A93A03429B8777C0071E9ED /* libresolv.tbd */; };
		3A93A03829B87C630071E9ED /* libauthenticator.a in Frameworks */ = {isa = PBXBuildFile; fileRef = 3A93A03729B87B910071E9ED /* libauthenticator.a */; };
/* End PBXBuildFile section */

/* Begin PBXContainerItemProxy section */
		3A93A00C29B874750071E9ED /* PBXContainerItemProxy */ = {
			isa = PBXContainerItemProxy;
			containerPortal = 3A939FF229B874740071E9ED /* Project object */;
			proxyType = 1;
			remoteGlobalIDString = 3A939FF929B874740071E9ED;
			remoteInfo = Authenticator;
		};
		3A93A01629B874750071E9ED /* PBXContainerItemProxy */ = {
			isa = PBXContainerItemProxy;
			containerPortal = 3A939FF229B874740071E9ED /* Project object */;
			proxyType = 1;
			remoteGlobalIDString = 3A939FF929B874740071E9ED;
			remoteInfo = Authenticator;
		};
/* End PBXContainerItemProxy section */

/* Begin PBXFileReference section */
		3A939FFA29B874740071E9ED /* Authenticator.app */ = {isa = PBXFileReference; explicitFileType = wrapper.application; includeInIndex = 0; path = Authenticator.app; sourceTree = BUILT_PRODUCTS_DIR; };
		3A939FFD29B874740071E9ED /* AuthenticatorApp.swift */ = {isa = PBXFileReference; lastKnownFileType = sourcecode.swift; path = AuthenticatorApp.swift; sourceTree = "<group>"; };
		3A939FFF29B874740071E9ED /* ContentView.swift */ = {isa = PBXFileReference; lastKnownFileType = sourcecode.swift; path = ContentView.swift; sourceTree = "<group>"; };
		3A93A00129B874750071E9ED /* Assets.xcassets */ = {isa = PBXFileReference; lastKnownFileType = folder.assetcatalog; path = Assets.xcassets; sourceTree = "<group>"; };
		3A93A00429B874750071E9ED /* Preview Assets.xcassets */ = {isa = PBXFileReference; lastKnownFileType = folder.assetcatalog; path = "Preview Assets.xcassets"; sourceTree = "<group>"; };
		3A93A00629B874750071E9ED /* Authenticator.entitlements */ = {isa = PBXFileReference; lastKnownFileType = text.plist.entitlements; path = Authenticator.entitlements; sourceTree = "<group>"; };
		3A93A00B29B874750071E9ED /* AuthenticatorTests.xctest */ = {isa = PBXFileReference; explicitFileType = wrapper.cfbundle; includeInIndex = 0; path = AuthenticatorTests.xctest; sourceTree = BUILT_PRODUCTS_DIR; };
		3A93A00F29B874750071E9ED /* AuthenticatorTests.swift */ = {isa = PBXFileReference; lastKnownFileType = sourcecode.swift; path = AuthenticatorTests.swift; sourceTree = "<group>"; };
		3A93A01529B874750071E9ED /* AuthenticatorUITests.xctest */ = {isa = PBXFileReference; explicitFileType = wrapper.cfbundle; includeInIndex = 0; path = AuthenticatorUITests.xctest; sourceTree = BUILT_PRODUCTS_DIR; };
		3A93A01929B874750071E9ED /* AuthenticatorUITests.swift */ = {isa = PBXFileReference; lastKnownFileType = sourcecode.swift; path = AuthenticatorUITests.swift; sourceTree = "<group>"; };
		3A93A01B29B874750071E9ED /* AuthenticatorUITestsLaunchTests.swift */ = {isa = PBXFileReference; lastKnownFileType = sourcecode.swift; path = AuthenticatorUITestsLaunchTests.swift; sourceTree = "<group>"; };
		3A93A02F29B876360071E9ED /* Authenticator-Bridging-Header.h */ = {isa = PBXFileReference; lastKnownFileType = sourcecode.c.h; path = "Authenticator-Bridging-Header.h"; sourceTree = "<group>"; };
		3A93A03029B876580071E9ED /* authenticator.h */ = {isa = PBXFileReference; fileEncoding = 4; lastKnownFileType = sourcecode.c.h; name = authenticator.h; path = Libs/authenticator.h; sourceTree = SOURCE_ROOT; };
		3A93A03129B876A70071E9ED /* Authenticator.swift */ = {isa = PBXFileReference; lastKnownFileType = sourcecode.swift; path = Authenticator.swift; sourceTree = "<group>"; };
		3A93A03429B8777C0071E9ED /* libresolv.tbd */ = {isa = PBXFileReference; lastKnownFileType = "sourcecode.text-based-dylib-definition"; name = libresolv.tbd; path = usr/lib/libresolv.tbd; sourceTree = SDKROOT; };
		3A93A03729B87B910071E9ED /* libauthenticator.a */ = {isa = PBXFileReference; lastKnownFileType = archive.ar; name = libauthenticator.a; path = Libs/arrch64/libauthenticator.a; sourceTree = "<group>"; };
/* End PBXFileReference section */

/* Begin PBXFrameworksBuildPhase section */
		3A939FF729B874740071E9ED /* Frameworks */ = {
			isa = PBXFrameworksBuildPhase;
			buildActionMask = 2147483647;
			files = (
				3A93A03529B877A30071E9ED /* libresolv.tbd in Frameworks */,
				3A93A03829B87C630071E9ED /* libauthenticator.a in Frameworks */,
			);
			runOnlyForDeploymentPostprocessing = 0;
		};
		3A93A00829B874750071E9ED /* Frameworks */ = {
			isa = PBXFrameworksBuildPhase;
			buildActionMask = 2147483647;
			files = (
			);
			runOnlyForDeploymentPostprocessing = 0;
		};
		3A93A01229B874750071E9ED /* Frameworks */ = {
			isa = PBXFrameworksBuildPhase;
			buildActionMask = 2147483647;
			files = (
			);
			runOnlyForDeploymentPostprocessing = 0;
		};
/* End PBXFrameworksBuildPhase section */

/* Begin PBXGroup section */
		3A939FF129B874740071E9ED = {
			isa = PBXGroup;
			children = (
				3A939FFC29B874740071E9ED /* Authenticator */,
				3A93A00E29B874750071E9ED /* AuthenticatorTests */,
				3A93A01829B874750071E9ED /* AuthenticatorUITests */,
				3A939FFB29B874740071E9ED /* Products */,
				3A93A03329B8777B0071E9ED /* Frameworks */,
			);
			sourceTree = "<group>";
		};
		3A939FFB29B874740071E9ED /* Products */ = {
			isa = PBXGroup;
			children = (
				3A939FFA29B874740071E9ED /* Authenticator.app */,
				3A93A00B29B874750071E9ED /* AuthenticatorTests.xctest */,
				3A93A01529B874750071E9ED /* AuthenticatorUITests.xctest */,
			);
			name = Products;
			sourceTree = "<group>";
		};
		3A939FFC29B874740071E9ED /* Authenticator */ = {
			isa = PBXGroup;
			children = (
				3A93A02E29B875500071E9ED /* Libs */,
				3A939FFD29B874740071E9ED /* AuthenticatorApp.swift */,
				3A939FFF29B874740071E9ED /* ContentView.swift */,
				3A93A00129B874750071E9ED /* Assets.xcassets */,
				3A93A00629B874750071E9ED /* Authenticator.entitlements */,
				3A93A00329B874750071E9ED /* Preview Content */,
			);
			path = Authenticator;
			sourceTree = "<group>";
		};
		3A93A00329B874750071E9ED /* Preview Content */ = {
			isa = PBXGroup;
			children = (
				3A93A00429B874750071E9ED /* Preview Assets.xcassets */,
			);
			path = "Preview Content";
			sourceTree = "<group>";
		};
		3A93A00E29B874750071E9ED /* AuthenticatorTests */ = {
			isa = PBXGroup;
			children = (
				3A93A00F29B874750071E9ED /* AuthenticatorTests.swift */,
			);
			path = AuthenticatorTests;
			sourceTree = "<group>";
		};
		3A93A01829B874750071E9ED /* AuthenticatorUITests */ = {
			isa = PBXGroup;
			children = (
				3A93A01929B874750071E9ED /* AuthenticatorUITests.swift */,
				3A93A01B29B874750071E9ED /* AuthenticatorUITestsLaunchTests.swift */,
			);
			path = AuthenticatorUITests;
			sourceTree = "<group>";
		};
		3A93A02E29B875500071E9ED /* Libs */ = {
			isa = PBXGroup;
			children = (
				3A93A03029B876580071E9ED /* authenticator.h */,
				3A93A02F29B876360071E9ED /* Authenticator-Bridging-Header.h */,
				3A93A03129B876A70071E9ED /* Authenticator.swift */,
			);
			name = Libs;
			sourceTree = "<group>";
		};
		3A93A03329B8777B0071E9ED /* Frameworks */ = {
			isa = PBXGroup;
			children = (
				3A93A03729B87B910071E9ED /* libauthenticator.a */,
				3A93A03429B8777C0071E9ED /* libresolv.tbd */,
			);
			name = Frameworks;
			sourceTree = "<group>";
		};
/* End PBXGroup section */

/* Begin PBXNativeTarget section */
		3A939FF929B874740071E9ED /* Authenticator */ = {
			isa = PBXNativeTarget;
			buildConfigurationList = 3A93A01F29B874750071E9ED /* Build configuration list for PBXNativeTarget "Authenticator" */;
			buildPhases = (
				3A939FF629B874740071E9ED /* Sources */,
				3A939FF729B874740071E9ED /* Frameworks */,
				3A939FF829B874740071E9ED /* Resources */,
			);
			buildRules = (
			);
			dependencies = (
			);
			name = Authenticator;
			productName = Authenticator;
			productReference = 3A939FFA29B874740071E9ED /* Authenticator.app */;
			productType = "com.apple.product-type.application";
		};
		3A93A00A29B874750071E9ED /* AuthenticatorTests */ = {
			isa = PBXNativeTarget;
			buildConfigurationList = 3A93A02229B874750071E9ED /* Build configuration list for PBXNativeTarget "AuthenticatorTests" */;
			buildPhases = (
				3A93A00729B874750071E9ED /* Sources */,
				3A93A00829B874750071E9ED /* Frameworks */,
				3A93A00929B874750071E9ED /* Resources */,
			);
			buildRules = (
			);
			dependencies = (
				3A93A00D29B874750071E9ED /* PBXTargetDependency */,
			);
			name = AuthenticatorTests;
			productName = AuthenticatorTests;
			productReference = 3A93A00B29B874750071E9ED /* AuthenticatorTests.xctest */;
			productType = "com.apple.product-type.bundle.unit-test";
		};
		3A93A01429B874750071E9ED /* AuthenticatorUITests */ = {
			isa = PBXNativeTarget;
			buildConfigurationList = 3A93A02529B874750071E9ED /* Build configuration list for PBXNativeTarget "AuthenticatorUITests" */;
			buildPhases = (
				3A93A01129B874750071E9ED /* Sources */,
				3A93A01229B874750071E9ED /* Frameworks */,
				3A93A01329B874750071E9ED /* Resources */,
			);
			buildRules = (
			);
			dependencies = (
				3A93A01729B874750071E9ED /* PBXTargetDependency */,
			);
			name = AuthenticatorUITests;
			productName = AuthenticatorUITests;
			productReference = 3A93A01529B874750071E9ED /* AuthenticatorUITests.xctest */;
			productType = "com.apple.product-type.bundle.ui-testing";
		};
/* End PBXNativeTarget section */

/* Begin PBXProject section */
		3A939FF229B874740071E9ED /* Project object */ = {
			isa = PBXProject;
			attributes = {
				BuildIndependentTargetsInParallel = 1;
				LastSwiftUpdateCheck = 1420;
				LastUpgradeCheck = 1420;
				TargetAttributes = {
					3A939FF929B874740071E9ED = {
						CreatedOnToolsVersion = 14.2;
					};
					3A93A00A29B874750071E9ED = {
						CreatedOnToolsVersion = 14.2;
						TestTargetID = 3A939FF929B874740071E9ED;
					};
					3A93A01429B874750071E9ED = {
						CreatedOnToolsVersion = 14.2;
						TestTargetID = 3A939FF929B874740071E9ED;
					};
				};
			};
			buildConfigurationList = 3A939FF529B874740071E9ED /* Build configuration list for PBXProject "Authenticator" */;
			compatibilityVersion = "Xcode 14.0";
			developmentRegion = en;
			hasScannedForEncodings = 0;
			knownRegions = (
				en,
				Base,
			);
			mainGroup = 3A939FF129B874740071E9ED;
			productRefGroup = 3A939FFB29B874740071E9ED /* Products */;
			projectDirPath = "";
			projectRoot = "";
			targets = (
				3A939FF929B874740071E9ED /* Authenticator */,
				3A93A00A29B874750071E9ED /* AuthenticatorTests */,
				3A93A01429B874750071E9ED /* AuthenticatorUITests */,
			);
		};
/* End PBXProject section */

/* Begin PBXResourcesBuildPhase section */
		3A939FF829B874740071E9ED /* Resources */ = {
			isa = PBXResourcesBuildPhase;
			buildActionMask = 2147483647;
			files = (
				3A93A00529B874750071E9ED /* Preview Assets.xcassets in Resources */,
				3A93A00229B874750071E9ED /* Assets.xcassets in Resources */,
			);
			runOnlyForDeploymentPostprocessing = 0;
		};
		3A93A00929B874750071E9ED /* Resources */ = {
			isa = PBXResourcesBuildPhase;
			buildActionMask = 2147483647;
			files = (
			);
			runOnlyForDeploymentPostprocessing = 0;
		};
		3A93A01329B874750071E9ED /* Resources */ = {
			isa = PBXResourcesBuildPhase;
			buildActionMask = 2147483647;
			files = (
			);
			runOnlyForDeploymentPostprocessing = 0;
		};
/* End PBXResourcesBuildPhase section */

/* Begin PBXSourcesBuildPhase section */
		3A939FF629B874740071E9ED /* Sources */ = {
			isa = PBXSourcesBuildPhase;
			buildActionMask = 2147483647;
			files = (
				3A93A00029B874740071E9ED /* ContentView.swift in Sources */,
				3A939FFE29B874740071E9ED /* AuthenticatorApp.swift in Sources */,
				3A93A03229B876A70071E9ED /* Authenticator.swift in Sources */,
			);
			runOnlyForDeploymentPostprocessing = 0;
		};
		3A93A00729B874750071E9ED /* Sources */ = {
			isa = PBXSourcesBuildPhase;
			buildActionMask = 2147483647;
			files = (
				3A93A01029B874750071E9ED /* AuthenticatorTests.swift in Sources */,
			);
			runOnlyForDeploymentPostprocessing = 0;
		};
		3A93A01129B874750071E9ED /* Sources */ = {
			isa = PBXSourcesBuildPhase;
			buildActionMask = 2147483647;
			files = (
				3A93A01C29B874750071E9ED /* AuthenticatorUITestsLaunchTests.swift in Sources */,
				3A93A01A29B874750071E9ED /* AuthenticatorUITests.swift in Sources */,
			);
			runOnlyForDeploymentPostprocessing = 0;
		};
/* End PBXSourcesBuildPhase section */

/* Begin PBXTargetDependency section */
		3A93A00D29B874750071E9ED /* PBXTargetDependency */ = {
			isa = PBXTargetDependency;
			target = 3A939FF929B874740071E9ED /* Authenticator */;
			targetProxy = 3A93A00C29B874750071E9ED /* PBXContainerItemProxy */;
		};
		3A93A01729B874750071E9ED /* PBXTargetDependency */ = {
			isa = PBXTargetDependency;
			target = 3A939FF929B874740071E9ED /* Authenticator */;
			targetProxy = 3A93A01629B874750071E9ED /* PBXContainerItemProxy */;
		};
/* End PBXTargetDependency section */

/* Begin XCBuildConfiguration section */
		3A93A01D29B874750071E9ED /* Debug */ = {
			isa = XCBuildConfiguration;
			buildSettings = {
				ALWAYS_SEARCH_USER_PATHS = NO;
				CLANG_ANALYZER_NONNULL = YES;
				CLANG_ANALYZER_NUMBER_OBJECT_CONVERSION = YES_AGGRESSIVE;
				CLANG_CXX_LANGUAGE_STANDARD = "gnu++20";
				CLANG_ENABLE_MODULES = YES;
				CLANG_ENABLE_OBJC_ARC = YES;
				CLANG_ENABLE_OBJC_WEAK = YES;
				CLANG_WARN_BLOCK_CAPTURE_AUTORELEASING = YES;
				CLANG_WARN_BOOL_CONVERSION = YES;
				CLANG_WARN_COMMA = YES;
				CLANG_WARN_CONSTANT_CONVERSION = YES;
				CLANG_WARN_DEPRECATED_OBJC_IMPLEMENTATIONS = YES;
				CLANG_WARN_DIRECT_OBJC_ISA_USAGE = YES_ERROR;
				CLANG_WARN_DOCUMENTATION_COMMENTS = YES;
				CLANG_WARN_EMPTY_BODY = YES;
				CLANG_WARN_ENUM_CONVERSION = YES;
				CLANG_WARN_INFINITE_RECURSION = YES;
				CLANG_WARN_INT_CONVERSION = YES;
				CLANG_WARN_NON_LITERAL_NULL_CONVERSION = YES;
				CLANG_WARN_OBJC_IMPLICIT_RETAIN_SELF = YES;
				CLANG_WARN_OBJC_LITERAL_CONVERSION = YES;
				CLANG_WARN_OBJC_ROOT_CLASS = YES_ERROR;
				CLANG_WARN_QUOTED_INCLUDE_IN_FRAMEWORK_HEADER = YES;
				CLANG_WARN_RANGE_LOOP_ANALYSIS = YES;
				CLANG_WARN_STRICT_PROTOTYPES = YES;
				CLANG_WARN_SUSPICIOUS_MOVE = YES;
				CLANG_WARN_UNGUARDED_AVAILABILITY = YES_AGGRESSIVE;
				CLANG_WARN_UNREACHABLE_CODE = YES;
				CLANG_WARN__DUPLICATE_METHOD_MATCH = YES;
				COPY_PHASE_STRIP = NO;
				DEBUG_INFORMATION_FORMAT = dwarf;
				ENABLE_STRICT_OBJC_MSGSEND = YES;
				ENABLE_TESTABILITY = YES;
				GCC_C_LANGUAGE_STANDARD = gnu11;
				GCC_DYNAMIC_NO_PIC = NO;
				GCC_NO_COMMON_BLOCKS = YES;
				GCC_OPTIMIZATION_LEVEL = 0;
				GCC_PREPROCESSOR_DEFINITIONS = (
					"DEBUG=1",
					"$(inherited)",
				);
				GCC_WARN_64_TO_32_BIT_CONVERSION = YES;
				GCC_WARN_ABOUT_RETURN_TYPE = YES_ERROR;
				GCC_WARN_UNDECLARED_SELECTOR = YES;
				GCC_WARN_UNINITIALIZED_AUTOS = YES_AGGRESSIVE;
				GCC_WARN_UNUSED_FUNCTION = YES;
				GCC_WARN_UNUSED_VARIABLE = YES;
				MACOSX_DEPLOYMENT_TARGET = 13.1;
				MTL_ENABLE_DEBUG_INFO = INCLUDE_SOURCE;
				MTL_FAST_MATH = YES;
				ONLY_ACTIVE_ARCH = YES;
				SDKROOT = macosx;
				SWIFT_ACTIVE_COMPILATION_CONDITIONS = DEBUG;
				SWIFT_OPTIMIZATION_LEVEL = "-Onone";
			};
			name = Debug;
		};
		3A93A01E29B874750071E9ED /* Release */ = {
			isa = XCBuildConfiguration;
			buildSettings = {
				ALWAYS_SEARCH_USER_PATHS = NO;
				CLANG_ANALYZER_NONNULL = YES;
				CLANG_ANALYZER_NUMBER_OBJECT_CONVERSION = YES_AGGRESSIVE;
				CLANG_CXX_LANGUAGE_STANDARD = "gnu++20";
				CLANG_ENABLE_MODULES = YES;
				CLANG_ENABLE_OBJC_ARC = YES;
				CLANG_ENABLE_OBJC_WEAK = YES;
				CLANG_WARN_BLOCK_CAPTURE_AUTORELEASING = YES;
				CLANG_WARN_BOOL_CONVERSION = YES;
				CLANG_WARN_COMMA = YES;
				CLANG_WARN_CONSTANT_CONVERSION = YES;
				CLANG_WARN_DEPRECATED_OBJC_IMPLEMENTATIONS = YES;
				CLANG_WARN_DIRECT_OBJC_ISA_USAGE = YES_ERROR;
				CLANG_WARN_DOCUMENTATION_COMMENTS = YES;
				CLANG_WARN_EMPTY_BODY = YES;
				CLANG_WARN_ENUM_CONVERSION = YES;
				CLANG_WARN_INFINITE_RECURSION = YES;
				CLANG_WARN_INT_CONVERSION = YES;
				CLANG_WARN_NON_LITERAL_NULL_CONVERSION = YES;
				CLANG_WARN_OBJC_IMPLICIT_RETAIN_SELF = YES;
				CLANG_WARN_OBJC_LITERAL_CONVERSION = YES;
				CLANG_WARN_OBJC_ROOT_CLASS = YES_ERROR;
				CLANG_WARN_QUOTED_INCLUDE_IN_FRAMEWORK_HEADER = YES;
				CLANG_WARN_RANGE_LOOP_ANALYSIS = YES;
				CLANG_WARN_STRICT_PROTOTYPES = YES;
				CLANG_WARN_SUSPICIOUS_MOVE = YES;
				CLANG_WARN_UNGUARDED_AVAILABILITY = YES_AGGRESSIVE;
				CLANG_WARN_UNREACHABLE_CODE = YES;
				CLANG_WARN__DUPLICATE_METHOD_MATCH = YES;
				COPY_PHASE_STRIP = NO;
				DEBUG_INFORMATION_FORMAT = "dwarf-with-dsym";
				ENABLE_NS_ASSERTIONS = NO;
				ENABLE_STRICT_OBJC_MSGSEND = YES;
				GCC_C_LANGUAGE_STANDARD = gnu11;
				GCC_NO_COMMON_BLOCKS = YES;
				GCC_WARN_64_TO_32_BIT_CONVERSION = YES;
				GCC_WARN_ABOUT_RETURN_TYPE = YES_ERROR;
				GCC_WARN_UNDECLARED_SELECTOR = YES;
				GCC_WARN_UNINITIALIZED_AUTOS = YES_AGGRESSIVE;
				GCC_WARN_UNUSED_FUNCTION = YES;
				GCC_WARN_UNUSED_VARIABLE = YES;
				MACOSX_DEPLOYMENT_TARGET = 13.1;
				MTL_ENABLE_DEBUG_INFO = NO;
				MTL_FAST_MATH = YES;
				SDKROOT = macosx;
				SWIFT_COMPILATION_MODE = wholemodule;
				SWIFT_OPTIMIZATION_LEVEL = "-O";
			};
			name = Release;
		};
		3A93A02029B874750071E9ED /* Debug */ = {
			isa = XCBuildConfiguration;
			buildSettings = {
				ASSETCATALOG_COMPILER_APPICON_NAME = AppIcon;
				ASSETCATALOG_COMPILER_GLOBAL_ACCENT_COLOR_NAME = AccentColor;
				CODE_SIGN_ENTITLEMENTS = Authenticator/Authenticator.entitlements;
				CODE_SIGN_STYLE = Automatic;
				COMBINE_HIDPI_IMAGES = YES;
				CURRENT_PROJECT_VERSION = 1;
				DEVELOPMENT_ASSET_PATHS = "\"Authenticator/Preview Content\"";
				ENABLE_PREVIEWS = YES;
				GENERATE_INFOPLIST_FILE = YES;
				HEADER_SEARCH_PATHS = "$(PROJECT_DIR)/Libs";
				INFOPLIST_KEY_NSHumanReadableCopyright = "";
				LD_RUNPATH_SEARCH_PATHS = (
					"$(inherited)",
					"@executable_path/../Frameworks",
				);
				LIBRARY_SEARCH_PATHS = "$(PROJECT_DIR)/Libs/arrch64";
				MARKETING_VERSION = 1.0;
				PRODUCT_BUNDLE_IDENTIFIER = Authenticator.Authenticator;
				PRODUCT_NAME = "$(TARGET_NAME)";
				SWIFT_EMIT_LOC_STRINGS = YES;
				SWIFT_OBJC_BRIDGING_HEADER = "$(PROJECT_DIR)/Authenticator/Authenticator-Bridging-Header.h";
				SWIFT_VERSION = 5.0;
			};
			name = Debug;
		};
		3A93A02129B874750071E9ED /* Release */ = {
			isa = XCBuildConfiguration;
			buildSettings = {
				ASSETCATALOG_COMPILER_APPICON_NAME = AppIcon;
				ASSETCATALOG_COMPILER_GLOBAL_ACCENT_COLOR_NAME = AccentColor;
				CODE_SIGN_ENTITLEMENTS = Authenticator/Authenticator.entitlements;
				CODE_SIGN_STYLE = Automatic;
				COMBINE_HIDPI_IMAGES = YES;
				CURRENT_PROJECT_VERSION = 1;
				DEVELOPMENT_ASSET_PATHS = "\"Authenticator/Preview Content\"";
				ENABLE_PREVIEWS = YES;
				GENERATE_INFOPLIST_FILE = YES;
				HEADER_SEARCH_PATHS = "$(PROJECT_DIR)/Libs";
				INFOPLIST_KEY_NSHumanReadableCopyright = "";
				LD_RUNPATH_SEARCH_PATHS = (
					"$(inherited)",
					"@executable_path/../Frameworks",
				);
				LIBRARY_SEARCH_PATHS = "$(PROJECT_DIR)/Libs/arrch64";
				MARKETING_VERSION = 1.0;
				PRODUCT_BUNDLE_IDENTIFIER = Authenticator.Authenticator;
				PRODUCT_NAME = "$(TARGET_NAME)";
				SWIFT_EMIT_LOC_STRINGS = YES;
				SWIFT_OBJC_BRIDGING_HEADER = "$(PROJECT_DIR)/Authenticator/Authenticator-Bridging-Header.h";
				SWIFT_VERSION = 5.0;
			};
			name = Release;
		};
		3A93A02329B874750071E9ED /* Debug */ = {
			isa = XCBuildConfiguration;
			buildSettings = {
				ALWAYS_EMBED_SWIFT_STANDARD_LIBRARIES = YES;
				BUNDLE_LOADER = "$(TEST_HOST)";
				CODE_SIGN_STYLE = Automatic;
				CURRENT_PROJECT_VERSION = 1;
				GENERATE_INFOPLIST_FILE = YES;
				MACOSX_DEPLOYMENT_TARGET = 13.1;
				MARKETING_VERSION = 1.0;
				PRODUCT_BUNDLE_IDENTIFIER = Authenticator.AuthenticatorTests;
				PRODUCT_NAME = "$(TARGET_NAME)";
				SWIFT_EMIT_LOC_STRINGS = NO;
				SWIFT_VERSION = 5.0;
				TEST_HOST = "$(BUILT_PRODUCTS_DIR)/Authenticator.app/$(BUNDLE_EXECUTABLE_FOLDER_PATH)/Authenticator";
			};
			name = Debug;
		};
		3A93A02429B874750071E9ED /* Release */ = {
			isa = XCBuildConfiguration;
			buildSettings = {
				ALWAYS_EMBED_SWIFT_STANDARD_LIBRARIES = YES;
				BUNDLE_LOADER = "$(TEST_HOST)";
				CODE_SIGN_STYLE = Automatic;
				CURRENT_PROJECT_VERSION = 1;
				GENERATE_INFOPLIST_FILE = YES;
				MACOSX_DEPLOYMENT_TARGET = 13.1;
				MARKETING_VERSION = 1.0;
				PRODUCT_BUNDLE_IDENTIFIER = Authenticator.AuthenticatorTests;
				PRODUCT_NAME = "$(TARGET_NAME)";
				SWIFT_EMIT_LOC_STRINGS = NO;
				SWIFT_VERSION = 5.0;
				TEST_HOST = "$(BUILT_PRODUCTS_DIR)/Authenticator.app/$(BUNDLE_EXECUTABLE_FOLDER_PATH)/Authenticator";
			};
			name = Release;
		};
		3A93A02629B874750071E9ED /* Debug */ = {
			isa = XCBuildConfiguration;
			buildSettings = {
				ALWAYS_EMBED_SWIFT_STANDARD_LIBRARIES = YES;
				CODE_SIGN_STYLE = Automatic;
				CURRENT_PROJECT_VERSION = 1;
				GENERATE_INFOPLIST_FILE = YES;
				MARKETING_VERSION = 1.0;
				PRODUCT_BUNDLE_IDENTIFIER = Authenticator.AuthenticatorUITests;
				PRODUCT_NAME = "$(TARGET_NAME)";
				SWIFT_EMIT_LOC_STRINGS = NO;
				SWIFT_VERSION = 5.0;
				TEST_TARGET_NAME = Authenticator;
			};
			name = Debug;
		};
		3A93A02729B874750071E9ED /* Release */ = {
			isa = XCBuildConfiguration;
			buildSettings = {
				ALWAYS_EMBED_SWIFT_STANDARD_LIBRARIES = YES;
				CODE_SIGN_STYLE = Automatic;
				CURRENT_PROJECT_VERSION = 1;
				GENERATE_INFOPLIST_FILE = YES;
				MARKETING_VERSION = 1.0;
				PRODUCT_BUNDLE_IDENTIFIER = Authenticator.AuthenticatorUITests;
				PRODUCT_NAME = "$(TARGET_NAME)";
				SWIFT_EMIT_LOC_STRINGS = NO;
				SWIFT_VERSION = 5.0;
				TEST_TARGET_NAME = Authenticator;
			};
			name = Release;
		};
/* End XCBuildConfiguration section */

/* Begin XCConfigurationList section */
		3A939FF529B874740071E9ED /* Build configuration list for PBXProject "Authenticator" */ = {
			isa = XCConfigurationList;
			buildConfigurations = (
				3A93A01D29B874750071E9ED /* Debug */,
				3A93A01E29B874750071E9ED /* Release */,
			);
			defaultConfigurationIsVisible = 0;
			defaultConfigurationName = Release;
		};
		3A93A01F29B874750071E9ED /* Build configuration list for PBXNativeTarget "Authenticator" */ = {
			isa = XCConfigurationList;
			buildConfigurations = (
				3A93A02029B874750071E9ED /* Debug */,
				3A93A02129B874750071E9ED /* Release */,
			);
			defaultConfigurationIsVisible = 0;
			defaultConfigurationName = Release;
		};
		3A93A02229B874750071E9ED /* Build configuration list for PBXNativeTarget "AuthenticatorTests" */ = {
			isa = XCConfigurationList;
			buildConfigurations = (
				3A93A02329B874750071E9ED /* Debug */,
				3A93A02429B874750071E9ED /* Release */,
			);
			defaultConfigurationIsVisible = 0;
			defaultConfigurationName = Release;
		};
		3A93A02529B874750071E9ED /* Build configuration list for PBXNativeTarget "AuthenticatorUITests" */ = {
			isa = XCConfigurationList;
			buildConfigurations = (
				3A93A02629B874750071E9ED /* Debug */,
				3A93A02729B874750071E9ED /* Release */,
			);
			defaultConfigurationIsVisible = 0;
			defaultConfigurationName = Release;
		};
/* End XCConfigurationList section */
	};
	rootObject = 3A939FF229B874740071E9ED /* Project object */;
}
